<?xml version="1.0" encoding="utf-8"?>
<Project ToolsVersion="4.0" xmlns="http://schemas.microsoft.com/developer/msbuild/2003">
  <ItemGroup>
    <CudaCompile Include="ElecticFieldCalculatorKernel.cu" />
  </ItemGroup>
  <ItemGroup>
    <Filter Include="Header Files">
      <UniqueIdentifier>{d079c0b6-9756-4b9b-9ed8-707938a67f6c}</UniqueIdentifier>
    </Filter>
    <Filter Include="Source Files">
      <UniqueIdentifier>{54305f43-fc12-4b84-9426-00bdf24aa67b}</UniqueIdentifier>
    </Filter>
  </ItemGroup>
  <ItemGroup>
    <ClInclude Include="iniFileStructure.h">
      <Filter>Header Files</Filter>
    </ClInclude>
    <ClInclude Include="INI_Reader.h">
      <Filter>Header Files</Filter>
    </ClInclude>
    <ClInclude Include="ChargesManager.h">
      <Filter>Header Files</Filter>
    </ClInclude>
    <ClInclude Include="GPUElectricFieldCalculator.h">
      <Filter>Header Files</Filter>
    </ClInclude>
    <ClInclude Include="ElectricFieldCalculatorKernel.h">
      <Filter>Header Files</Filter>
    </ClInclude>
    <ClInclude Include="ElectricFieldImageCreator.h">
      <Filter>Header Files</Filter>
    </ClInclude>
    <ClInclude Include="ConfigLoader.h">
      <Filter>Header Files</Filter>
    </ClInclude>
  </ItemGroup>
  <ItemGroup>
    <ClCompile Include="INI_Reader.cpp">
      <Filter>Source Files</Filter>
    </ClCompile>
    <ClCompile Include="ChargesManager.cpp">
      <Filter>Source Files</Filter>
    </ClCompile>
    <ClCompile Include="GPUElectricFieldCalculator.cpp">
      <Filter>Source Files</Filter>
    </ClCompile>
    <ClCompile Include="Source.cpp" />
    <ClCompile Include="ElectricFieldImageCreator.cpp">
      <Filter>Source Files</Filter>
    </ClCompile>
    <ClCompile Include="ConfigLoader.cpp">
      <Filter>Source Files</Filter>
    </ClCompile>
  </ItemGroup>
</Project>